
Microsoft Visual Studio Solution File, Format Version 12.00
# Visual Studio 15
VisualStudioVersion = 15.0.27004.2009
MinimumVisualStudioVersion = 10.0.40219.1
Project("{FAE04EC0-301F-11D3-BF4B-00C04F79EFBC}") = "TestTickets2", "TestTickets2\TestTickets2.csproj", "{5478274D-301D-4991-8E29-0C60333A197B}"
EndProject
Global
	GlobalSection(SolutionConfigurationPlatforms) = preSolution
		Debug|Any CPU = Debug|Any CPU
		Release|Any CPU = Release|Any CPU
	EndGlobalSection
	GlobalSection(ProjectConfigurationPlatforms) = postSolution
		{5478274D-301D-4991-8E29-0C60333A197B}.Debug|Any CPU.ActiveCfg = Debug|Any CPU
		{5478274D-301D-4991-8E29-0C60333A197B}.Debug|Any CPU.Build.0 = Debug|Any CPU
		{5478274D-301D-4991-8E29-0C60333A197B}.Release|Any CPU.ActiveCfg = Release|Any CPU
		{5478274D-301D-4991-8E29-0C60333A197B}.Release|Any CPU.Build.0 = Release|Any CPU
	EndGlobalSection
	GlobalSection(SolutionProperties) = preSolution
		HideSolutionNode = FALSE
	EndGlobalSection
	GlobalSection(ExtensibilityGlobals) = postSolution
		SolutionGuid = {173ADB20-B515-4021-9A91-9B0D7C13DE14}
	EndGlobalSection
EndGlobal
